// !$*UTF8*$!
{
	archiveVersion = 1;
	classes = {
	};
	objectVersion = 46;
	objects = {

/* Begin PBXBuildFile section */
		3FF7C77519D53DB500D4CA9B /* AppDelegate.swift in Sources */ = {isa = PBXBuildFile; fileRef = 3FF7C77419D53DB500D4CA9B /* AppDelegate.swift */; };
		3FF7C77719D53DB500D4CA9B /* ViewController.swift in Sources */ = {isa = PBXBuildFile; fileRef = 3FF7C77619D53DB500D4CA9B /* ViewController.swift */; };
		3FF7C77A19D53DB500D4CA9B /* Main.storyboard in Resources */ = {isa = PBXBuildFile; fileRef = 3FF7C77819D53DB500D4CA9B /* Main.storyboard */; };
		3FF7C77C19D53DB500D4CA9B /* Images.xcassets in Resources */ = {isa = PBXBuildFile; fileRef = 3FF7C77B19D53DB500D4CA9B /* Images.xcassets */; };
		3FF7C77F19D53DB500D4CA9B /* LaunchScreen.xib in Resources */ = {isa = PBXBuildFile; fileRef = 3FF7C77D19D53DB500D4CA9B /* LaunchScreen.xib */; };
		3FF7C78B19D53DB500D4CA9B /* ReadNameTests.swift in Sources */ = {isa = PBXBuildFile; fileRef = 3FF7C78A19D53DB500D4CA9B /* ReadNameTests.swift */; };
/* End PBXBuildFile section */

/* Begin PBXContainerItemProxy section */
		3FF7C78519D53DB500D4CA9B /* PBXContainerItemProxy */ = {
			isa = PBXContainerItemProxy;
			containerPortal = 3FF7C76719D53DB500D4CA9B /* Project object */;
			proxyType = 1;
			remoteGlobalIDString = 3FF7C76E19D53DB500D4CA9B;
			remoteInfo = ReadName;
		};
/* End PBXContainerItemProxy section */

/* Begin PBXFileReference section */
		3FF7C76F19D53DB500D4CA9B /* ReadName.app */ = {isa = PBXFileReference; explicitFileType = wrapper.application; includeInIndex = 0; path = ReadName.app; sourceTree = BUILT_PRODUCTS_DIR; };
		3FF7C77319D53DB500D4CA9B /* Info.plist */ = {isa = PBXFileReference; lastKnownFileType = text.plist.xml; path = Info.plist; sourceTree = "<group>"; };
		3FF7C77419D53DB500D4CA9B /* AppDelegate.swift */ = {isa = PBXFileReference; lastKnownFileType = sourcecode.swift; path = AppDelegate.swift; sourceTree = "<group>"; };
		3FF7C77619D53DB500D4CA9B /* ViewController.swift */ = {isa = PBXFileReference; lastKnownFileType = sourcecode.swift; path = ViewController.swift; sourceTree = "<group>"; };
		3FF7C77919D53DB500D4CA9B /* Base */ = {isa = PBXFileReference; lastKnownFileType = file.storyboard; name = Base; path = Base.lproj/Main.storyboard; sourceTree = "<group>"; };
		3FF7C77B19D53DB500D4CA9B /* Images.xcassets */ = {isa = PBXFileReference; lastKnownFileType = folder.assetcatalog; path = Images.xcassets; sourceTree = "<group>"; };
		3FF7C77E19D53DB500D4CA9B /* Base */ = {isa = PBXFileReference; lastKnownFileType = file.xib; name = Base; path = Base.lproj/LaunchScreen.xib; sourceTree = "<group>"; };
		3FF7C78419D53DB500D4CA9B /* ReadNameTests.xctest */ = {isa = PBXFileReference; explicitFileType = wrapper.cfbundle; includeInIndex = 0; path = ReadNameTests.xctest; sourceTree = BUILT_PRODUCTS_DIR; };
		3FF7C78919D53DB500D4CA9B /* Info.plist */ = {isa = PBXFileReference; lastKnownFileType = text.plist.xml; path = Info.plist; sourceTree = "<group>"; };
		3FF7C78A19D53DB500D4CA9B /* ReadNameTests.swift */ = {isa = PBXFileReference; lastKnownFileType = sourcecode.swift; path = ReadNameTests.swift; sourceTree = "<group>"; };
/* End PBXFileReference section */

/* Begin PBXFrameworksBuildPhase section */
		3FF7C76C19D53DB500D4CA9B /* Frameworks */ = {
			isa = PBXFrameworksBuildPhase;
			buildActionMask = 2147483647;
			files = (
			);
			runOnlyForDeploymentPostprocessing = 0;
		};
		3FF7C78119D53DB500D4CA9B /* Frameworks */ = {
			isa = PBXFrameworksBuildPhase;
			buildActionMask = 2147483647;
			files = (
			);
			runOnlyForDeploymentPostprocessing = 0;
		};
/* End PBXFrameworksBuildPhase section */

/* Begin PBXGroup section */
		3FF7C76619D53DB500D4CA9B = {
			isa = PBXGroup;
			children = (
				3FF7C77119D53DB500D4CA9B /* ReadName */,
				3FF7C78719D53DB500D4CA9B /* ReadNameTests */,
				3FF7C77019D53DB500D4CA9B /* Products */,
			);
			sourceTree = "<group>";
		};
		3FF7C77019D53DB500D4CA9B /* Products */ = {
			isa = PBXGroup;
			children = (
				3FF7C76F19D53DB500D4CA9B /* ReadName.app */,
				3FF7C78419D53DB500D4CA9B /* ReadNameTests.xctest */,
			);
			name = Products;
			sourceTree = "<group>";
		};
		3FF7C77119D53DB500D4CA9B /* ReadName */ = {
			isa = PBXGroup;
			children = (
				3FF7C77419D53DB500D4CA9B /* AppDelegate.swift */,
				3FF7C77619D53DB500D4CA9B /* ViewController.swift */,
				3FF7C77819D53DB500D4CA9B /* Main.storyboard */,
				3FF7C77B19D53DB500D4CA9B /* Images.xcassets */,
				3FF7C77D19D53DB500D4CA9B /* LaunchScreen.xib */,
				3FF7C77219D53DB500D4CA9B /* Supporting Files */,
			);
			path = ReadName;
			sourceTree = "<group>";
		};
		3FF7C77219D53DB500D4CA9B /* Supporting Files */ = {
			isa = PBXGroup;
			children = (
				3FF7C77319D53DB500D4CA9B /* Info.plist */,
			);
			name = "Supporting Files";
			sourceTree = "<group>";
		};
		3FF7C78719D53DB500D4CA9B /* ReadNameTests */ = {
			isa = PBXGroup;
			children = (
				3FF7C78A19D53DB500D4CA9B /* ReadNameTests.swift */,
				3FF7C78819D53DB500D4CA9B /* Supporting Files */,
			);
			path = ReadNameTests;
			sourceTree = "<group>";
		};
		3FF7C78819D53DB500D4CA9B /* Supporting Files */ = {
			isa = PBXGroup;
			children = (
				3FF7C78919D53DB500D4CA9B /* Info.plist */,
			);
			name = "Supporting Files";
			sourceTree = "<group>";
		};
/* End PBXGroup section */

/* Begin PBXNativeTarget section */
		3FF7C76E19D53DB500D4CA9B /* ReadName */ = {
			isa = PBXNativeTarget;
			buildConfigurationList = 3FF7C78E19D53DB500D4CA9B /* Build configuration list for PBXNativeTarget "ReadName" */;
			buildPhases = (
				3FF7C76B19D53DB500D4CA9B /* Sources */,
				3FF7C76C19D53DB500D4CA9B /* Frameworks */,
				3FF7C76D19D53DB500D4CA9B /* Resources */,
			);
			buildRules = (
			);
			dependencies = (
			);
			name = ReadName;
			productName = ReadName;
			productReference = 3FF7C76F19D53DB500D4CA9B /* ReadName.app */;
			productType = "com.apple.product-type.application";
		};
		3FF7C78319D53DB500D4CA9B /* ReadNameTests */ = {
			isa = PBXNativeTarget;
			buildConfigurationList = 3FF7C79119D53DB500D4CA9B /* Build configuration list for PBXNativeTarget "ReadNameTests" */;
			buildPhases = (
				3FF7C78019D53DB500D4CA9B /* Sources */,
				3FF7C78119D53DB500D4CA9B /* Frameworks */,
				3FF7C78219D53DB500D4CA9B /* Resources */,
			);
			buildRules = (
			);
			dependencies = (
				3FF7C78619D53DB500D4CA9B /* PBXTargetDependency */,
			);
			name = ReadNameTests;
			productName = ReadNameTests;
			productReference = 3FF7C78419D53DB500D4CA9B /* ReadNameTests.xctest */;
			productType = "com.apple.product-type.bundle.unit-test";
		};
/* End PBXNativeTarget section */

/* Begin PBXProject section */
		3FF7C76719D53DB500D4CA9B /* Project object */ = {
			isa = PBXProject;
			attributes = {
				LastUpgradeCheck = 0600;
				ORGANIZATIONNAME = Student;
				TargetAttributes = {
					3FF7C76E19D53DB500D4CA9B = {
						CreatedOnToolsVersion = 6.0;
					};
					3FF7C78319D53DB500D4CA9B = {
						CreatedOnToolsVersion = 6.0;
						TestTargetID = 3FF7C76E19D53DB500D4CA9B;
					};
				};
			};
			buildConfigurationList = 3FF7C76A19D53DB500D4CA9B /* Build configuration list for PBXProject "ReadName" */;
			compatibilityVersion = "Xcode 3.2";
			developmentRegion = English;
			hasScannedForEncodings = 0;
			knownRegions = (
				en,
				Base,
			);
			mainGroup = 3FF7C76619D53DB500D4CA9B;
			productRefGroup = 3FF7C77019D53DB500D4CA9B /* Products */;
			projectDirPath = "";
			projectRoot = "";
			targets = (
				3FF7C76E19D53DB500D4CA9B /* ReadName */,
				3FF7C78319D53DB500D4CA9B /* ReadNameTests */,
			);
		};
/* End PBXProject section */

/* Begin PBXResourcesBuildPhase section */
		3FF7C76D19D53DB500D4CA9B /* Resources */ = {
			isa = PBXResourcesBuildPhase;
			buildActionMask = 2147483647;
			files = (
				3FF7C77A19D53DB500D4CA9B /* Main.storyboard in Resources */,
				3FF7C77F19D53DB500D4CA9B /* LaunchScreen.xib in Resources */,
				3FF7C77C19D53DB500D4CA9B /* Images.xcassets in Resources */,
			);
			runOnlyForDeploymentPostprocessing = 0;
		};
		3FF7C78219D53DB500D4CA9B /* Resources */ = {
			isa = PBXResourcesBuildPhase;
			buildActionMask = 2147483647;
			files = (
			);
			runOnlyForDeploymentPostprocessing = 0;
		};
/* End PBXResourcesBuildPhase section */

/* Begin PBXSourcesBuildPhase section */
		3FF7C76B19D53DB500D4CA9B /* Sources */ = {
			isa = PBXSourcesBuildPhase;
			buildActionMask = 2147483647;
			files = (
				3FF7C77719D53DB500D4CA9B /* ViewController.swift in Sources */,
				3FF7C77519D53DB500D4CA9B /* AppDelegate.swift in Sources */,
			);
			runOnlyForDeploymentPostprocessing = 0;
		};
		3FF7C78019D53DB500D4CA9B /* Sources */ = {
			isa = PBXSourcesBuildPhase;
			buildActionMask = 2147483647;
			files = (
				3FF7C78B19D53DB500D4CA9B /* ReadNameTests.swift in Sources */,
			);
			runOnlyForDeploymentPostprocessing = 0;
		};
/* End PBXSourcesBuildPhase section */

/* Begin PBXTargetDependency section */
		3FF7C78619D53DB500D4CA9B /* PBXTargetDependency */ = {
			isa = PBXTargetDependency;
			target = 3FF7C76E19D53DB500D4CA9B /* ReadName */;
			targetProxy = 3FF7C78519D53DB500D4CA9B /* PBXContainerItemProxy */;
		};
/* End PBXTargetDependency section */

/* Begin PBXVariantGroup section */
		3FF7C77819D53DB500D4CA9B /* Main.storyboard */ = {
			isa = PBXVariantGroup;
			children = (
				3FF7C77919D53DB500D4CA9B /* Base */,
			);
			name = Main.storyboard;
			sourceTree = "<group>";
		};
		3FF7C77D19D53DB500D4CA9B /* LaunchScreen.xib */ = {
			isa = PBXVariantGroup;
			children = (
				3FF7C77E19D53DB500D4CA9B /* Base */,
			);
			name = LaunchScreen.xib;
			sourceTree = "<group>";
		};
/* End PBXVariantGroup section */

/* Begin XCBuildConfiguration section */
		3FF7C78C19D53DB500D4CA9B /* Debug */ = {
			isa = XCBuildConfiguration;
			buildSettings = {
				ALWAYS_SEARCH_USER_PATHS = NO;
				CLANG_CXX_LANGUAGE_STANDARD = "gnu++0x";
				CLANG_CXX_LIBRARY = "libc++";
				CLANG_ENABLE_MODULES = YES;
				CLANG_ENABLE_OBJC_ARC = YES;
				CLANG_WARN_BOOL_CONVERSION = YES;
				CLANG_WARN_CONSTANT_CONVERSION = YES;
				CLANG_WARN_DIRECT_OBJC_ISA_USAGE = YES_ERROR;
				CLANG_WARN_EMPTY_BODY = YES;
				CLANG_WARN_ENUM_CONVERSION = YES;
				CLANG_WARN_INT_CONVERSION = YES;
				CLANG_WARN_OBJC_ROOT_CLASS = YES_ERROR;
				CLANG_WARN_UNREACHABLE_CODE = YES;
				CLANG_WARN__DUPLICATE_METHOD_MATCH = YES;
				"CODE_SIGN_IDENTITY[sdk=iphoneos*]" = "iPhone Developer";
				COPY_PHASE_STRIP = NO;
				ENABLE_STRICT_OBJC_MSGSEND = YES;
				GCC_C_LANGUAGE_STANDARD = gnu99;
				GCC_DYNAMIC_NO_PIC = NO;
				GCC_OPTIMIZATION_LEVEL = 0;
				GCC_PREPROCESSOR_DEFINITIONS = (
					"DEBUG=1",
					"$(inherited)",
				);
				GCC_SYMBOLS_PRIVATE_EXTERN = NO;
				GCC_WARN_64_TO_32_BIT_CONVERSION = YES;
				GCC_WARN_ABOUT_RETURN_TYPE = YES_ERROR;
				GCC_WARN_UNDECLARED_SELECTOR = YES;
				GCC_WARN_UNINITIALIZED_AUTOS = YES_AGGRESSIVE;
				GCC_WARN_UNUSED_FUNCTION = YES;
				GCC_WARN_UNUSED_VARIABLE = YES;
				IPHONEOS_DEPLOYMENT_TARGET = 8.0;
				MTL_ENABLE_DEBUG_INFO = YES;
				ONLY_ACTIVE_ARCH = YES;
				SDKROOT = iphoneos;
				SWIFT_OPTIMIZATION_LEVEL = "-Onone";
				TARGETED_DEVICE_FAMILY = "1,2";
			};
			name = Debug;
		};
		3FF7C78D19D53DB500D4CA9B /* Release */ = {
			isa = XCBuildConfiguration;
			buildSettings = {
				ALWAYS_SEARCH_USER_PATHS = NO;
				CLANG_CXX_LANGUAGE_STANDARD = "gnu++0x";
				CLANG_CXX_LIBRARY = "libc++";
				CLANG_ENABLE_MODULES = YES;
				CLANG_ENABLE_OBJC_ARC = YES;
				CLANG_WARN_BOOL_CONVERSION = YES;
				CLANG_WARN_CONSTANT_CONVERSION = YES;
				CLANG_WARN_DIRECT_OBJC_ISA_USAGE = YES_ERROR;
				CLANG_WARN_EMPTY_BODY = YES;
				CLANG_WARN_ENUM_CONVERSION = YES;
				CLANG_WARN_INT_CONVERSION = YES;
				CLANG_WARN_OBJC_ROOT_CLASS = YES_ERROR;
				CLANG_WARN_UNREACHABLE_CODE = YES;
				CLANG_WARN__DUPLICATE_METHOD_MATCH = YES;
				"CODE_SIGN_IDENTITY[sdk=iphoneos*]" = "iPhone Developer";
				COPY_PHASE_STRIP = YES;
				ENABLE_NS_ASSERTIONS = NO;
				ENABLE_STRICT_OBJC_MSGSEND = YES;
				GCC_C_LANGUAGE_STANDARD = gnu99;
				GCC_WARN_64_TO_32_BIT_CONVERSION = YES;
				GCC_WARN_ABOUT_RETURN_TYPE = YES_ERROR;
				GCC_WARN_UNDECLARED_SELECTOR = YES;
				GCC_WARN_UNINITIALIZED_AUTOS = YES_AGGRESSIVE;
				GCC_WARN_UNUSED_FUNCTION = YES;
				GCC_WARN_UNUSED_VARIABLE = YES;
				IPHONEOS_DEPLOYMENT_TARGET = 8.0;
				MTL_ENABLE_DEBUG_INFO = NO;
				SDKROOT = iphoneos;
				TARGETED_DEVICE_FAMILY = "1,2";
				VALIDATE_PRODUCT = YES;
			};
			name = Release;
		};
		3FF7C78F19D53DB500D4CA9B /* Debug */ = {
			isa = XCBuildConfiguration;
			buildSettings = {
				ASSETCATALOG_COMPILER_APPICON_NAME = AppIcon;
				INFOPLIST_FILE = ReadName/Info.plist;
				LD_RUNPATH_SEARCH_PATHS = "$(inherited) @executable_path/Frameworks";
				PRODUCT_NAME = "$(TARGET_NAME)";
			};
			name = Debug;
		};
		3FF7C79019D53DB500D4CA9B /* Release */ = {
			isa = XCBuildConfiguration;
			buildSettings = {
				ASSETCATALOG_COMPILER_APPICON_NAME = AppIcon;
				INFOPLIST_FILE = ReadName/Info.plist;
				LD_RUNPATH_SEARCH_PATHS = "$(inherited) @executable_path/Frameworks";
				PRODUCT_NAME = "$(TARGET_NAME)";
			};
			name = Release;
		};
		3FF7C79219D53DB500D4CA9B /* Debug */ = {
			isa = XCBuildConfiguration;
			buildSettings = {
				BUNDLE_LOADER = "$(TEST_HOST)";
				FRAMEWORK_SEARCH_PATHS = (
					"$(SDKROOT)/Developer/Library/Frameworks",
					"$(inherited)",
				);
				GCC_PREPROCESSOR_DEFINITIONS = (
					"DEBUG=1",
					"$(inherited)",
				);
				INFOPLIST_FILE = ReadNameTests/Info.plist;
				LD_RUNPATH_SEARCH_PATHS = "$(inherited) @executable_path/Frameworks @loader_path/Frameworks";
				PRODUCT_NAME = "$(TARGET_NAME)";
				TEST_HOST = "$(BUILT_PRODUCTS_DIR)/ReadName.app/ReadName";
			};
			name = Debug;
		};
		3FF7C79319D53DB500D4CA9B /* Release */ = {
			isa = XCBuildConfiguration;
			buildSettings = {
				BUNDLE_LOADER = "$(TEST_HOST)";
				FRAMEWORK_SEARCH_PATHS = (
					"$(SDKROOT)/Developer/Library/Frameworks",
					"$(inherited)",
				);
				INFOPLIST_FILE = ReadNameTests/Info.plist;
				LD_RUNPATH_SEARCH_PATHS = "$(inherited) @executable_path/Frameworks @loader_path/Frameworks";
				PRODUCT_NAME = "$(TARGET_NAME)";
				TEST_HOST = "$(BUILT_PRODUCTS_DIR)/ReadName.app/ReadName";
			};
			name = Release;
		};
/* End XCBuildConfiguration section */

/* Begin XCConfigurationList section */
		3FF7C76A19D53DB500D4CA9B /* Build configuration list for PBXProject "ReadName" */ = {
			isa = XCConfigurationList;
			buildConfigurations = (
				3FF7C78C19D53DB500D4CA9B /* Debug */,
				3FF7C78D19D53DB500D4CA9B /* Release */,
			);
			defaultConfigurationIsVisible = 0;
			defaultConfigurationName = Release;
		};
		3FF7C78E19D53DB500D4CA9B /* Build configuration list for PBXNativeTarget "ReadName" */ = {
			isa = XCConfigurationList;
			buildConfigurations = (
				3FF7C78F19D53DB500D4CA9B /* Debug */,
				3FF7C79019D53DB500D4CA9B /* Release */,
			);
			defaultConfigurationIsVisible = 0;
		};
		3FF7C79119D53DB500D4CA9B /* Build configuration list for PBXNativeTarget "ReadNameTests" */ = {
			isa = XCConfigurationList;
			buildConfigurations = (
				3FF7C79219D53DB500D4CA9B /* Debug */,
				3FF7C79319D53DB500D4CA9B /* Release */,
			);
			defaultConfigurationIsVisible = 0;
		};
/* End XCConfigurationList section */
	};
	rootObject = 3FF7C76719D53DB500D4CA9B /* Project object */;
}
