// !$*UTF8*$!
{
	archiveVersion = 1;
	classes = {
	};
	objectVersion = 46;
	objects = {

/* Begin PBXBuildFile section */
		3F18F1A319C2F3E2003F3BD4 /* AppDelegate.swift in Sources */ = {isa = PBXBuildFile; fileRef = 3F18F1A219C2F3E2003F3BD4 /* AppDelegate.swift */; };
		3F18F1A519C2F3E2003F3BD4 /* ViewController.swift in Sources */ = {isa = PBXBuildFile; fileRef = 3F18F1A419C2F3E2003F3BD4 /* ViewController.swift */; };
		3F18F1A819C2F3E2003F3BD4 /* Main.storyboard in Resources */ = {isa = PBXBuildFile; fileRef = 3F18F1A619C2F3E2003F3BD4 /* Main.storyboard */; };
		3F18F1AA19C2F3E2003F3BD4 /* Images.xcassets in Resources */ = {isa = PBXBuildFile; fileRef = 3F18F1A919C2F3E2003F3BD4 /* Images.xcassets */; };
		3F18F1B619C2F3E2003F3BD4 /* sumoneTests.swift in Sources */ = {isa = PBXBuildFile; fileRef = 3F18F1B519C2F3E2003F3BD4 /* sumoneTests.swift */; };
/* End PBXBuildFile section */

/* Begin PBXContainerItemProxy section */
		3F18F1B019C2F3E2003F3BD4 /* PBXContainerItemProxy */ = {
			isa = PBXContainerItemProxy;
			containerPortal = 3F18F19519C2F3E2003F3BD4 /* Project object */;
			proxyType = 1;
			remoteGlobalIDString = 3F18F19C19C2F3E2003F3BD4;
			remoteInfo = sumone;
		};
/* End PBXContainerItemProxy section */

/* Begin PBXFileReference section */
		3F18F19D19C2F3E2003F3BD4 /* sumone.app */ = {isa = PBXFileReference; explicitFileType = wrapper.application; includeInIndex = 0; path = sumone.app; sourceTree = BUILT_PRODUCTS_DIR; };
		3F18F1A119C2F3E2003F3BD4 /* Info.plist */ = {isa = PBXFileReference; lastKnownFileType = text.plist.xml; path = Info.plist; sourceTree = "<group>"; };
		3F18F1A219C2F3E2003F3BD4 /* AppDelegate.swift */ = {isa = PBXFileReference; lastKnownFileType = sourcecode.swift; path = AppDelegate.swift; sourceTree = "<group>"; };
		3F18F1A419C2F3E2003F3BD4 /* ViewController.swift */ = {isa = PBXFileReference; lastKnownFileType = sourcecode.swift; path = ViewController.swift; sourceTree = "<group>"; };
		3F18F1A719C2F3E2003F3BD4 /* Base */ = {isa = PBXFileReference; lastKnownFileType = file.storyboard; name = Base; path = Base.lproj/Main.storyboard; sourceTree = "<group>"; };
		3F18F1A919C2F3E2003F3BD4 /* Images.xcassets */ = {isa = PBXFileReference; lastKnownFileType = folder.assetcatalog; path = Images.xcassets; sourceTree = "<group>"; };
		3F18F1AF19C2F3E2003F3BD4 /* sumoneTests.xctest */ = {isa = PBXFileReference; explicitFileType = wrapper.cfbundle; includeInIndex = 0; path = sumoneTests.xctest; sourceTree = BUILT_PRODUCTS_DIR; };
		3F18F1B419C2F3E2003F3BD4 /* Info.plist */ = {isa = PBXFileReference; lastKnownFileType = text.plist.xml; path = Info.plist; sourceTree = "<group>"; };
		3F18F1B519C2F3E2003F3BD4 /* sumoneTests.swift */ = {isa = PBXFileReference; lastKnownFileType = sourcecode.swift; path = sumoneTests.swift; sourceTree = "<group>"; };
/* End PBXFileReference section */

/* Begin PBXFrameworksBuildPhase section */
		3F18F19A19C2F3E2003F3BD4 /* Frameworks */ = {
			isa = PBXFrameworksBuildPhase;
			buildActionMask = 2147483647;
			files = (
			);
			runOnlyForDeploymentPostprocessing = 0;
		};
		3F18F1AC19C2F3E2003F3BD4 /* Frameworks */ = {
			isa = PBXFrameworksBuildPhase;
			buildActionMask = 2147483647;
			files = (
			);
			runOnlyForDeploymentPostprocessing = 0;
		};
/* End PBXFrameworksBuildPhase section */

/* Begin PBXGroup section */
		3F18F19419C2F3E2003F3BD4 = {
			isa = PBXGroup;
			children = (
				3F18F19F19C2F3E2003F3BD4 /* sumone */,
				3F18F1B219C2F3E2003F3BD4 /* sumoneTests */,
				3F18F19E19C2F3E2003F3BD4 /* Products */,
			);
			sourceTree = "<group>";
		};
		3F18F19E19C2F3E2003F3BD4 /* Products */ = {
			isa = PBXGroup;
			children = (
				3F18F19D19C2F3E2003F3BD4 /* sumone.app */,
				3F18F1AF19C2F3E2003F3BD4 /* sumoneTests.xctest */,
			);
			name = Products;
			sourceTree = "<group>";
		};
		3F18F19F19C2F3E2003F3BD4 /* sumone */ = {
			isa = PBXGroup;
			children = (
				3F18F1A219C2F3E2003F3BD4 /* AppDelegate.swift */,
				3F18F1A419C2F3E2003F3BD4 /* ViewController.swift */,
				3F18F1A619C2F3E2003F3BD4 /* Main.storyboard */,
				3F18F1A919C2F3E2003F3BD4 /* Images.xcassets */,
				3F18F1A019C2F3E2003F3BD4 /* Supporting Files */,
			);
			path = sumone;
			sourceTree = "<group>";
		};
		3F18F1A019C2F3E2003F3BD4 /* Supporting Files */ = {
			isa = PBXGroup;
			children = (
				3F18F1A119C2F3E2003F3BD4 /* Info.plist */,
			);
			name = "Supporting Files";
			sourceTree = "<group>";
		};
		3F18F1B219C2F3E2003F3BD4 /* sumoneTests */ = {
			isa = PBXGroup;
			children = (
				3F18F1B519C2F3E2003F3BD4 /* sumoneTests.swift */,
				3F18F1B319C2F3E2003F3BD4 /* Supporting Files */,
			);
			path = sumoneTests;
			sourceTree = "<group>";
		};
		3F18F1B319C2F3E2003F3BD4 /* Supporting Files */ = {
			isa = PBXGroup;
			children = (
				3F18F1B419C2F3E2003F3BD4 /* Info.plist */,
			);
			name = "Supporting Files";
			sourceTree = "<group>";
		};
/* End PBXGroup section */

/* Begin PBXNativeTarget section */
		3F18F19C19C2F3E2003F3BD4 /* sumone */ = {
			isa = PBXNativeTarget;
			buildConfigurationList = 3F18F1B919C2F3E2003F3BD4 /* Build configuration list for PBXNativeTarget "sumone" */;
			buildPhases = (
				3F18F19919C2F3E2003F3BD4 /* Sources */,
				3F18F19A19C2F3E2003F3BD4 /* Frameworks */,
				3F18F19B19C2F3E2003F3BD4 /* Resources */,
			);
			buildRules = (
			);
			dependencies = (
			);
			name = sumone;
			productName = sumone;
			productReference = 3F18F19D19C2F3E2003F3BD4 /* sumone.app */;
			productType = "com.apple.product-type.application";
		};
		3F18F1AE19C2F3E2003F3BD4 /* sumoneTests */ = {
			isa = PBXNativeTarget;
			buildConfigurationList = 3F18F1BC19C2F3E2003F3BD4 /* Build configuration list for PBXNativeTarget "sumoneTests" */;
			buildPhases = (
				3F18F1AB19C2F3E2003F3BD4 /* Sources */,
				3F18F1AC19C2F3E2003F3BD4 /* Frameworks */,
				3F18F1AD19C2F3E2003F3BD4 /* Resources */,
			);
			buildRules = (
			);
			dependencies = (
				3F18F1B119C2F3E2003F3BD4 /* PBXTargetDependency */,
			);
			name = sumoneTests;
			productName = sumoneTests;
			productReference = 3F18F1AF19C2F3E2003F3BD4 /* sumoneTests.xctest */;
			productType = "com.apple.product-type.bundle.unit-test";
		};
/* End PBXNativeTarget section */

/* Begin PBXProject section */
		3F18F19519C2F3E2003F3BD4 /* Project object */ = {
			isa = PBXProject;
			attributes = {
				LastUpgradeCheck = 0600;
				ORGANIZATIONNAME = Student;
				TargetAttributes = {
					3F18F19C19C2F3E2003F3BD4 = {
						CreatedOnToolsVersion = 6.0;
					};
					3F18F1AE19C2F3E2003F3BD4 = {
						CreatedOnToolsVersion = 6.0;
						TestTargetID = 3F18F19C19C2F3E2003F3BD4;
					};
				};
			};
			buildConfigurationList = 3F18F19819C2F3E2003F3BD4 /* Build configuration list for PBXProject "sumone" */;
			compatibilityVersion = "Xcode 3.2";
			developmentRegion = English;
			hasScannedForEncodings = 0;
			knownRegions = (
				en,
				Base,
			);
			mainGroup = 3F18F19419C2F3E2003F3BD4;
			productRefGroup = 3F18F19E19C2F3E2003F3BD4 /* Products */;
			projectDirPath = "";
			projectRoot = "";
			targets = (
				3F18F19C19C2F3E2003F3BD4 /* sumone */,
				3F18F1AE19C2F3E2003F3BD4 /* sumoneTests */,
			);
		};
/* End PBXProject section */

/* Begin PBXResourcesBuildPhase section */
		3F18F19B19C2F3E2003F3BD4 /* Resources */ = {
			isa = PBXResourcesBuildPhase;
			buildActionMask = 2147483647;
			files = (
				3F18F1A819C2F3E2003F3BD4 /* Main.storyboard in Resources */,
				3F18F1AA19C2F3E2003F3BD4 /* Images.xcassets in Resources */,
			);
			runOnlyForDeploymentPostprocessing = 0;
		};
		3F18F1AD19C2F3E2003F3BD4 /* Resources */ = {
			isa = PBXResourcesBuildPhase;
			buildActionMask = 2147483647;
			files = (
			);
			runOnlyForDeploymentPostprocessing = 0;
		};
/* End PBXResourcesBuildPhase section */

/* Begin PBXSourcesBuildPhase section */
		3F18F19919C2F3E2003F3BD4 /* Sources */ = {
			isa = PBXSourcesBuildPhase;
			buildActionMask = 2147483647;
			files = (
				3F18F1A519C2F3E2003F3BD4 /* ViewController.swift in Sources */,
				3F18F1A319C2F3E2003F3BD4 /* AppDelegate.swift in Sources */,
			);
			runOnlyForDeploymentPostprocessing = 0;
		};
		3F18F1AB19C2F3E2003F3BD4 /* Sources */ = {
			isa = PBXSourcesBuildPhase;
			buildActionMask = 2147483647;
			files = (
				3F18F1B619C2F3E2003F3BD4 /* sumoneTests.swift in Sources */,
			);
			runOnlyForDeploymentPostprocessing = 0;
		};
/* End PBXSourcesBuildPhase section */

/* Begin PBXTargetDependency section */
		3F18F1B119C2F3E2003F3BD4 /* PBXTargetDependency */ = {
			isa = PBXTargetDependency;
			target = 3F18F19C19C2F3E2003F3BD4 /* sumone */;
			targetProxy = 3F18F1B019C2F3E2003F3BD4 /* PBXContainerItemProxy */;
		};
/* End PBXTargetDependency section */

/* Begin PBXVariantGroup section */
		3F18F1A619C2F3E2003F3BD4 /* Main.storyboard */ = {
			isa = PBXVariantGroup;
			children = (
				3F18F1A719C2F3E2003F3BD4 /* Base */,
			);
			name = Main.storyboard;
			sourceTree = "<group>";
		};
/* End PBXVariantGroup section */

/* Begin XCBuildConfiguration section */
		3F18F1B719C2F3E2003F3BD4 /* Debug */ = {
			isa = XCBuildConfiguration;
			buildSettings = {
				ALWAYS_SEARCH_USER_PATHS = NO;
				CLANG_CXX_LANGUAGE_STANDARD = "gnu++0x";
				CLANG_CXX_LIBRARY = "libc++";
				CLANG_ENABLE_MODULES = YES;
				CLANG_ENABLE_OBJC_ARC = YES;
				CLANG_WARN_BOOL_CONVERSION = YES;
				CLANG_WARN_CONSTANT_CONVERSION = YES;
				CLANG_WARN_DIRECT_OBJC_ISA_USAGE = YES_ERROR;
				CLANG_WARN_EMPTY_BODY = YES;
				CLANG_WARN_ENUM_CONVERSION = YES;
				CLANG_WARN_INT_CONVERSION = YES;
				CLANG_WARN_OBJC_ROOT_CLASS = YES_ERROR;
				CLANG_WARN_UNREACHABLE_CODE = YES;
				CLANG_WARN__DUPLICATE_METHOD_MATCH = YES;
				"CODE_SIGN_IDENTITY[sdk=iphoneos*]" = "iPhone Developer";
				COPY_PHASE_STRIP = NO;
				ENABLE_STRICT_OBJC_MSGSEND = YES;
				GCC_C_LANGUAGE_STANDARD = gnu99;
				GCC_DYNAMIC_NO_PIC = NO;
				GCC_OPTIMIZATION_LEVEL = 0;
				GCC_PREPROCESSOR_DEFINITIONS = (
					"DEBUG=1",
					"$(inherited)",
				);
				GCC_SYMBOLS_PRIVATE_EXTERN = NO;
				GCC_WARN_64_TO_32_BIT_CONVERSION = YES;
				GCC_WARN_ABOUT_RETURN_TYPE = YES_ERROR;
				GCC_WARN_UNDECLARED_SELECTOR = YES;
				GCC_WARN_UNINITIALIZED_AUTOS = YES_AGGRESSIVE;
				GCC_WARN_UNUSED_FUNCTION = YES;
				GCC_WARN_UNUSED_VARIABLE = YES;
				IPHONEOS_DEPLOYMENT_TARGET = 8.0;
				MTL_ENABLE_DEBUG_INFO = YES;
				ONLY_ACTIVE_ARCH = YES;
				SDKROOT = iphoneos;
				SWIFT_OPTIMIZATION_LEVEL = "-Onone";
			};
			name = Debug;
		};
		3F18F1B819C2F3E2003F3BD4 /* Release */ = {
			isa = XCBuildConfiguration;
			buildSettings = {
				ALWAYS_SEARCH_USER_PATHS = NO;
				CLANG_CXX_LANGUAGE_STANDARD = "gnu++0x";
				CLANG_CXX_LIBRARY = "libc++";
				CLANG_ENABLE_MODULES = YES;
				CLANG_ENABLE_OBJC_ARC = YES;
				CLANG_WARN_BOOL_CONVERSION = YES;
				CLANG_WARN_CONSTANT_CONVERSION = YES;
				CLANG_WARN_DIRECT_OBJC_ISA_USAGE = YES_ERROR;
				CLANG_WARN_EMPTY_BODY = YES;
				CLANG_WARN_ENUM_CONVERSION = YES;
				CLANG_WARN_INT_CONVERSION = YES;
				CLANG_WARN_OBJC_ROOT_CLASS = YES_ERROR;
				CLANG_WARN_UNREACHABLE_CODE = YES;
				CLANG_WARN__DUPLICATE_METHOD_MATCH = YES;
				"CODE_SIGN_IDENTITY[sdk=iphoneos*]" = "iPhone Developer";
				COPY_PHASE_STRIP = YES;
				ENABLE_NS_ASSERTIONS = NO;
				ENABLE_STRICT_OBJC_MSGSEND = YES;
				GCC_C_LANGUAGE_STANDARD = gnu99;
				GCC_WARN_64_TO_32_BIT_CONVERSION = YES;
				GCC_WARN_ABOUT_RETURN_TYPE = YES_ERROR;
				GCC_WARN_UNDECLARED_SELECTOR = YES;
				GCC_WARN_UNINITIALIZED_AUTOS = YES_AGGRESSIVE;
				GCC_WARN_UNUSED_FUNCTION = YES;
				GCC_WARN_UNUSED_VARIABLE = YES;
				IPHONEOS_DEPLOYMENT_TARGET = 8.0;
				MTL_ENABLE_DEBUG_INFO = NO;
				SDKROOT = iphoneos;
				VALIDATE_PRODUCT = YES;
			};
			name = Release;
		};
		3F18F1BA19C2F3E2003F3BD4 /* Debug */ = {
			isa = XCBuildConfiguration;
			buildSettings = {
				ASSETCATALOG_COMPILER_APPICON_NAME = AppIcon;
				ASSETCATALOG_COMPILER_LAUNCHIMAGE_NAME = LaunchImage;
				INFOPLIST_FILE = sumone/Info.plist;
				LD_RUNPATH_SEARCH_PATHS = "$(inherited) @executable_path/Frameworks";
				PRODUCT_NAME = "$(TARGET_NAME)";
			};
			name = Debug;
		};
		3F18F1BB19C2F3E2003F3BD4 /* Release */ = {
			isa = XCBuildConfiguration;
			buildSettings = {
				ASSETCATALOG_COMPILER_APPICON_NAME = AppIcon;
				ASSETCATALOG_COMPILER_LAUNCHIMAGE_NAME = LaunchImage;
				INFOPLIST_FILE = sumone/Info.plist;
				LD_RUNPATH_SEARCH_PATHS = "$(inherited) @executable_path/Frameworks";
				PRODUCT_NAME = "$(TARGET_NAME)";
			};
			name = Release;
		};
		3F18F1BD19C2F3E2003F3BD4 /* Debug */ = {
			isa = XCBuildConfiguration;
			buildSettings = {
				BUNDLE_LOADER = "$(BUILT_PRODUCTS_DIR)/sumone.app/sumone";
				FRAMEWORK_SEARCH_PATHS = (
					"$(SDKROOT)/Developer/Library/Frameworks",
					"$(inherited)",
				);
				GCC_PREPROCESSOR_DEFINITIONS = (
					"DEBUG=1",
					"$(inherited)",
				);
				INFOPLIST_FILE = sumoneTests/Info.plist;
				LD_RUNPATH_SEARCH_PATHS = "$(inherited) @executable_path/Frameworks @loader_path/Frameworks";
				PRODUCT_NAME = "$(TARGET_NAME)";
				TEST_HOST = "$(BUNDLE_LOADER)";
			};
			name = Debug;
		};
		3F18F1BE19C2F3E2003F3BD4 /* Release */ = {
			isa = XCBuildConfiguration;
			buildSettings = {
				BUNDLE_LOADER = "$(BUILT_PRODUCTS_DIR)/sumone.app/sumone";
				FRAMEWORK_SEARCH_PATHS = (
					"$(SDKROOT)/Developer/Library/Frameworks",
					"$(inherited)",
				);
				INFOPLIST_FILE = sumoneTests/Info.plist;
				LD_RUNPATH_SEARCH_PATHS = "$(inherited) @executable_path/Frameworks @loader_path/Frameworks";
				PRODUCT_NAME = "$(TARGET_NAME)";
				TEST_HOST = "$(BUNDLE_LOADER)";
			};
			name = Release;
		};
/* End XCBuildConfiguration section */

/* Begin XCConfigurationList section */
		3F18F19819C2F3E2003F3BD4 /* Build configuration list for PBXProject "sumone" */ = {
			isa = XCConfigurationList;
			buildConfigurations = (
				3F18F1B719C2F3E2003F3BD4 /* Debug */,
				3F18F1B819C2F3E2003F3BD4 /* Release */,
			);
			defaultConfigurationIsVisible = 0;
			defaultConfigurationName = Release;
		};
		3F18F1B919C2F3E2003F3BD4 /* Build configuration list for PBXNativeTarget "sumone" */ = {
			isa = XCConfigurationList;
			buildConfigurations = (
				3F18F1BA19C2F3E2003F3BD4 /* Debug */,
				3F18F1BB19C2F3E2003F3BD4 /* Release */,
			);
			defaultConfigurationIsVisible = 0;
		};
		3F18F1BC19C2F3E2003F3BD4 /* Build configuration list for PBXNativeTarget "sumoneTests" */ = {
			isa = XCConfigurationList;
			buildConfigurations = (
				3F18F1BD19C2F3E2003F3BD4 /* Debug */,
				3F18F1BE19C2F3E2003F3BD4 /* Release */,
			);
			defaultConfigurationIsVisible = 0;
		};
/* End XCConfigurationList section */
	};
	rootObject = 3F18F19519C2F3E2003F3BD4 /* Project object */;
}
