// !$*UTF8*$!
{
	archiveVersion = 1;
	classes = {
	};
	objectVersion = 46;
	objects = {

/* Begin PBXBuildFile section */
		3F99C2B019C2C86A004EFDCE /* AppDelegate.swift in Sources */ = {isa = PBXBuildFile; fileRef = 3F99C2AF19C2C86A004EFDCE /* AppDelegate.swift */; };
		3F99C2B219C2C86A004EFDCE /* ViewController.swift in Sources */ = {isa = PBXBuildFile; fileRef = 3F99C2B119C2C86A004EFDCE /* ViewController.swift */; };
		3F99C2B519C2C86A004EFDCE /* Main.storyboard in Resources */ = {isa = PBXBuildFile; fileRef = 3F99C2B319C2C86A004EFDCE /* Main.storyboard */; };
		3F99C2B719C2C86A004EFDCE /* Images.xcassets in Resources */ = {isa = PBXBuildFile; fileRef = 3F99C2B619C2C86A004EFDCE /* Images.xcassets */; };
		3F99C2C319C2C86A004EFDCE /* TipCalculatorTests.swift in Sources */ = {isa = PBXBuildFile; fileRef = 3F99C2C219C2C86A004EFDCE /* TipCalculatorTests.swift */; };
		3F99C2CD19C2C8F0004EFDCE /* TipCalculatorModel.swift in Sources */ = {isa = PBXBuildFile; fileRef = 3F99C2CC19C2C8F0004EFDCE /* TipCalculatorModel.swift */; };
/* End PBXBuildFile section */

/* Begin PBXContainerItemProxy section */
		3F99C2BD19C2C86A004EFDCE /* PBXContainerItemProxy */ = {
			isa = PBXContainerItemProxy;
			containerPortal = 3F99C2A219C2C86A004EFDCE /* Project object */;
			proxyType = 1;
			remoteGlobalIDString = 3F99C2A919C2C86A004EFDCE;
			remoteInfo = TipCalculator;
		};
/* End PBXContainerItemProxy section */

/* Begin PBXFileReference section */
		3F99C2AA19C2C86A004EFDCE /* TipCalculator.app */ = {isa = PBXFileReference; explicitFileType = wrapper.application; includeInIndex = 0; path = TipCalculator.app; sourceTree = BUILT_PRODUCTS_DIR; };
		3F99C2AE19C2C86A004EFDCE /* Info.plist */ = {isa = PBXFileReference; lastKnownFileType = text.plist.xml; path = Info.plist; sourceTree = "<group>"; };
		3F99C2AF19C2C86A004EFDCE /* AppDelegate.swift */ = {isa = PBXFileReference; lastKnownFileType = sourcecode.swift; path = AppDelegate.swift; sourceTree = "<group>"; };
		3F99C2B119C2C86A004EFDCE /* ViewController.swift */ = {isa = PBXFileReference; lastKnownFileType = sourcecode.swift; path = ViewController.swift; sourceTree = "<group>"; };
		3F99C2B419C2C86A004EFDCE /* Base */ = {isa = PBXFileReference; lastKnownFileType = file.storyboard; name = Base; path = Base.lproj/Main.storyboard; sourceTree = "<group>"; };
		3F99C2B619C2C86A004EFDCE /* Images.xcassets */ = {isa = PBXFileReference; lastKnownFileType = folder.assetcatalog; path = Images.xcassets; sourceTree = "<group>"; };
		3F99C2BC19C2C86A004EFDCE /* TipCalculatorTests.xctest */ = {isa = PBXFileReference; explicitFileType = wrapper.cfbundle; includeInIndex = 0; path = TipCalculatorTests.xctest; sourceTree = BUILT_PRODUCTS_DIR; };
		3F99C2C119C2C86A004EFDCE /* Info.plist */ = {isa = PBXFileReference; lastKnownFileType = text.plist.xml; path = Info.plist; sourceTree = "<group>"; };
		3F99C2C219C2C86A004EFDCE /* TipCalculatorTests.swift */ = {isa = PBXFileReference; lastKnownFileType = sourcecode.swift; path = TipCalculatorTests.swift; sourceTree = "<group>"; };
		3F99C2CC19C2C8F0004EFDCE /* TipCalculatorModel.swift */ = {isa = PBXFileReference; fileEncoding = 4; lastKnownFileType = sourcecode.swift; path = TipCalculatorModel.swift; sourceTree = "<group>"; };
/* End PBXFileReference section */

/* Begin PBXFrameworksBuildPhase section */
		3F99C2A719C2C86A004EFDCE /* Frameworks */ = {
			isa = PBXFrameworksBuildPhase;
			buildActionMask = 2147483647;
			files = (
			);
			runOnlyForDeploymentPostprocessing = 0;
		};
		3F99C2B919C2C86A004EFDCE /* Frameworks */ = {
			isa = PBXFrameworksBuildPhase;
			buildActionMask = 2147483647;
			files = (
			);
			runOnlyForDeploymentPostprocessing = 0;
		};
/* End PBXFrameworksBuildPhase section */

/* Begin PBXGroup section */
		3F99C2A119C2C86A004EFDCE = {
			isa = PBXGroup;
			children = (
				3F99C2CC19C2C8F0004EFDCE /* TipCalculatorModel.swift */,
				3F99C2AC19C2C86A004EFDCE /* TipCalculator */,
				3F99C2BF19C2C86A004EFDCE /* TipCalculatorTests */,
				3F99C2AB19C2C86A004EFDCE /* Products */,
			);
			sourceTree = "<group>";
		};
		3F99C2AB19C2C86A004EFDCE /* Products */ = {
			isa = PBXGroup;
			children = (
				3F99C2AA19C2C86A004EFDCE /* TipCalculator.app */,
				3F99C2BC19C2C86A004EFDCE /* TipCalculatorTests.xctest */,
			);
			name = Products;
			sourceTree = "<group>";
		};
		3F99C2AC19C2C86A004EFDCE /* TipCalculator */ = {
			isa = PBXGroup;
			children = (
				3F99C2AF19C2C86A004EFDCE /* AppDelegate.swift */,
				3F99C2B119C2C86A004EFDCE /* ViewController.swift */,
				3F99C2B319C2C86A004EFDCE /* Main.storyboard */,
				3F99C2B619C2C86A004EFDCE /* Images.xcassets */,
				3F99C2AD19C2C86A004EFDCE /* Supporting Files */,
			);
			path = TipCalculator;
			sourceTree = "<group>";
		};
		3F99C2AD19C2C86A004EFDCE /* Supporting Files */ = {
			isa = PBXGroup;
			children = (
				3F99C2AE19C2C86A004EFDCE /* Info.plist */,
			);
			name = "Supporting Files";
			sourceTree = "<group>";
		};
		3F99C2BF19C2C86A004EFDCE /* TipCalculatorTests */ = {
			isa = PBXGroup;
			children = (
				3F99C2C219C2C86A004EFDCE /* TipCalculatorTests.swift */,
				3F99C2C019C2C86A004EFDCE /* Supporting Files */,
			);
			path = TipCalculatorTests;
			sourceTree = "<group>";
		};
		3F99C2C019C2C86A004EFDCE /* Supporting Files */ = {
			isa = PBXGroup;
			children = (
				3F99C2C119C2C86A004EFDCE /* Info.plist */,
			);
			name = "Supporting Files";
			sourceTree = "<group>";
		};
/* End PBXGroup section */

/* Begin PBXNativeTarget section */
		3F99C2A919C2C86A004EFDCE /* TipCalculator */ = {
			isa = PBXNativeTarget;
			buildConfigurationList = 3F99C2C619C2C86A004EFDCE /* Build configuration list for PBXNativeTarget "TipCalculator" */;
			buildPhases = (
				3F99C2A619C2C86A004EFDCE /* Sources */,
				3F99C2A719C2C86A004EFDCE /* Frameworks */,
				3F99C2A819C2C86A004EFDCE /* Resources */,
			);
			buildRules = (
			);
			dependencies = (
			);
			name = TipCalculator;
			productName = TipCalculator;
			productReference = 3F99C2AA19C2C86A004EFDCE /* TipCalculator.app */;
			productType = "com.apple.product-type.application";
		};
		3F99C2BB19C2C86A004EFDCE /* TipCalculatorTests */ = {
			isa = PBXNativeTarget;
			buildConfigurationList = 3F99C2C919C2C86A004EFDCE /* Build configuration list for PBXNativeTarget "TipCalculatorTests" */;
			buildPhases = (
				3F99C2B819C2C86A004EFDCE /* Sources */,
				3F99C2B919C2C86A004EFDCE /* Frameworks */,
				3F99C2BA19C2C86A004EFDCE /* Resources */,
			);
			buildRules = (
			);
			dependencies = (
				3F99C2BE19C2C86A004EFDCE /* PBXTargetDependency */,
			);
			name = TipCalculatorTests;
			productName = TipCalculatorTests;
			productReference = 3F99C2BC19C2C86A004EFDCE /* TipCalculatorTests.xctest */;
			productType = "com.apple.product-type.bundle.unit-test";
		};
/* End PBXNativeTarget section */

/* Begin PBXProject section */
		3F99C2A219C2C86A004EFDCE /* Project object */ = {
			isa = PBXProject;
			attributes = {
				LastUpgradeCheck = 0600;
				ORGANIZATIONNAME = Student;
				TargetAttributes = {
					3F99C2A919C2C86A004EFDCE = {
						CreatedOnToolsVersion = 6.0;
					};
					3F99C2BB19C2C86A004EFDCE = {
						CreatedOnToolsVersion = 6.0;
						TestTargetID = 3F99C2A919C2C86A004EFDCE;
					};
				};
			};
			buildConfigurationList = 3F99C2A519C2C86A004EFDCE /* Build configuration list for PBXProject "TipCalculator" */;
			compatibilityVersion = "Xcode 3.2";
			developmentRegion = English;
			hasScannedForEncodings = 0;
			knownRegions = (
				en,
				Base,
			);
			mainGroup = 3F99C2A119C2C86A004EFDCE;
			productRefGroup = 3F99C2AB19C2C86A004EFDCE /* Products */;
			projectDirPath = "";
			projectRoot = "";
			targets = (
				3F99C2A919C2C86A004EFDCE /* TipCalculator */,
				3F99C2BB19C2C86A004EFDCE /* TipCalculatorTests */,
			);
		};
/* End PBXProject section */

/* Begin PBXResourcesBuildPhase section */
		3F99C2A819C2C86A004EFDCE /* Resources */ = {
			isa = PBXResourcesBuildPhase;
			buildActionMask = 2147483647;
			files = (
				3F99C2B519C2C86A004EFDCE /* Main.storyboard in Resources */,
				3F99C2B719C2C86A004EFDCE /* Images.xcassets in Resources */,
			);
			runOnlyForDeploymentPostprocessing = 0;
		};
		3F99C2BA19C2C86A004EFDCE /* Resources */ = {
			isa = PBXResourcesBuildPhase;
			buildActionMask = 2147483647;
			files = (
			);
			runOnlyForDeploymentPostprocessing = 0;
		};
/* End PBXResourcesBuildPhase section */

/* Begin PBXSourcesBuildPhase section */
		3F99C2A619C2C86A004EFDCE /* Sources */ = {
			isa = PBXSourcesBuildPhase;
			buildActionMask = 2147483647;
			files = (
				3F99C2CD19C2C8F0004EFDCE /* TipCalculatorModel.swift in Sources */,
				3F99C2B219C2C86A004EFDCE /* ViewController.swift in Sources */,
				3F99C2B019C2C86A004EFDCE /* AppDelegate.swift in Sources */,
			);
			runOnlyForDeploymentPostprocessing = 0;
		};
		3F99C2B819C2C86A004EFDCE /* Sources */ = {
			isa = PBXSourcesBuildPhase;
			buildActionMask = 2147483647;
			files = (
				3F99C2C319C2C86A004EFDCE /* TipCalculatorTests.swift in Sources */,
			);
			runOnlyForDeploymentPostprocessing = 0;
		};
/* End PBXSourcesBuildPhase section */

/* Begin PBXTargetDependency section */
		3F99C2BE19C2C86A004EFDCE /* PBXTargetDependency */ = {
			isa = PBXTargetDependency;
			target = 3F99C2A919C2C86A004EFDCE /* TipCalculator */;
			targetProxy = 3F99C2BD19C2C86A004EFDCE /* PBXContainerItemProxy */;
		};
/* End PBXTargetDependency section */

/* Begin PBXVariantGroup section */
		3F99C2B319C2C86A004EFDCE /* Main.storyboard */ = {
			isa = PBXVariantGroup;
			children = (
				3F99C2B419C2C86A004EFDCE /* Base */,
			);
			name = Main.storyboard;
			sourceTree = "<group>";
		};
/* End PBXVariantGroup section */

/* Begin XCBuildConfiguration section */
		3F99C2C419C2C86A004EFDCE /* Debug */ = {
			isa = XCBuildConfiguration;
			buildSettings = {
				ALWAYS_SEARCH_USER_PATHS = NO;
				CLANG_CXX_LANGUAGE_STANDARD = "gnu++0x";
				CLANG_CXX_LIBRARY = "libc++";
				CLANG_ENABLE_MODULES = YES;
				CLANG_ENABLE_OBJC_ARC = YES;
				CLANG_WARN_BOOL_CONVERSION = YES;
				CLANG_WARN_CONSTANT_CONVERSION = YES;
				CLANG_WARN_DIRECT_OBJC_ISA_USAGE = YES_ERROR;
				CLANG_WARN_EMPTY_BODY = YES;
				CLANG_WARN_ENUM_CONVERSION = YES;
				CLANG_WARN_INT_CONVERSION = YES;
				CLANG_WARN_OBJC_ROOT_CLASS = YES_ERROR;
				CLANG_WARN_UNREACHABLE_CODE = YES;
				CLANG_WARN__DUPLICATE_METHOD_MATCH = YES;
				"CODE_SIGN_IDENTITY[sdk=iphoneos*]" = "iPhone Developer";
				COPY_PHASE_STRIP = NO;
				ENABLE_STRICT_OBJC_MSGSEND = YES;
				GCC_C_LANGUAGE_STANDARD = gnu99;
				GCC_DYNAMIC_NO_PIC = NO;
				GCC_OPTIMIZATION_LEVEL = 0;
				GCC_PREPROCESSOR_DEFINITIONS = (
					"DEBUG=1",
					"$(inherited)",
				);
				GCC_SYMBOLS_PRIVATE_EXTERN = NO;
				GCC_WARN_64_TO_32_BIT_CONVERSION = YES;
				GCC_WARN_ABOUT_RETURN_TYPE = YES_ERROR;
				GCC_WARN_UNDECLARED_SELECTOR = YES;
				GCC_WARN_UNINITIALIZED_AUTOS = YES_AGGRESSIVE;
				GCC_WARN_UNUSED_FUNCTION = YES;
				GCC_WARN_UNUSED_VARIABLE = YES;
				IPHONEOS_DEPLOYMENT_TARGET = 8.0;
				MTL_ENABLE_DEBUG_INFO = YES;
				ONLY_ACTIVE_ARCH = YES;
				SDKROOT = iphoneos;
				SWIFT_OPTIMIZATION_LEVEL = "-Onone";
			};
			name = Debug;
		};
		3F99C2C519C2C86A004EFDCE /* Release */ = {
			isa = XCBuildConfiguration;
			buildSettings = {
				ALWAYS_SEARCH_USER_PATHS = NO;
				CLANG_CXX_LANGUAGE_STANDARD = "gnu++0x";
				CLANG_CXX_LIBRARY = "libc++";
				CLANG_ENABLE_MODULES = YES;
				CLANG_ENABLE_OBJC_ARC = YES;
				CLANG_WARN_BOOL_CONVERSION = YES;
				CLANG_WARN_CONSTANT_CONVERSION = YES;
				CLANG_WARN_DIRECT_OBJC_ISA_USAGE = YES_ERROR;
				CLANG_WARN_EMPTY_BODY = YES;
				CLANG_WARN_ENUM_CONVERSION = YES;
				CLANG_WARN_INT_CONVERSION = YES;
				CLANG_WARN_OBJC_ROOT_CLASS = YES_ERROR;
				CLANG_WARN_UNREACHABLE_CODE = YES;
				CLANG_WARN__DUPLICATE_METHOD_MATCH = YES;
				"CODE_SIGN_IDENTITY[sdk=iphoneos*]" = "iPhone Developer";
				COPY_PHASE_STRIP = YES;
				ENABLE_NS_ASSERTIONS = NO;
				ENABLE_STRICT_OBJC_MSGSEND = YES;
				GCC_C_LANGUAGE_STANDARD = gnu99;
				GCC_WARN_64_TO_32_BIT_CONVERSION = YES;
				GCC_WARN_ABOUT_RETURN_TYPE = YES_ERROR;
				GCC_WARN_UNDECLARED_SELECTOR = YES;
				GCC_WARN_UNINITIALIZED_AUTOS = YES_AGGRESSIVE;
				GCC_WARN_UNUSED_FUNCTION = YES;
				GCC_WARN_UNUSED_VARIABLE = YES;
				IPHONEOS_DEPLOYMENT_TARGET = 8.0;
				MTL_ENABLE_DEBUG_INFO = NO;
				SDKROOT = iphoneos;
				VALIDATE_PRODUCT = YES;
			};
			name = Release;
		};
		3F99C2C719C2C86A004EFDCE /* Debug */ = {
			isa = XCBuildConfiguration;
			buildSettings = {
				ASSETCATALOG_COMPILER_APPICON_NAME = AppIcon;
				ASSETCATALOG_COMPILER_LAUNCHIMAGE_NAME = LaunchImage;
				INFOPLIST_FILE = TipCalculator/Info.plist;
				LD_RUNPATH_SEARCH_PATHS = "$(inherited) @executable_path/Frameworks";
				PRODUCT_NAME = "$(TARGET_NAME)";
			};
			name = Debug;
		};
		3F99C2C819C2C86A004EFDCE /* Release */ = {
			isa = XCBuildConfiguration;
			buildSettings = {
				ASSETCATALOG_COMPILER_APPICON_NAME = AppIcon;
				ASSETCATALOG_COMPILER_LAUNCHIMAGE_NAME = LaunchImage;
				INFOPLIST_FILE = TipCalculator/Info.plist;
				LD_RUNPATH_SEARCH_PATHS = "$(inherited) @executable_path/Frameworks";
				PRODUCT_NAME = "$(TARGET_NAME)";
			};
			name = Release;
		};
		3F99C2CA19C2C86A004EFDCE /* Debug */ = {
			isa = XCBuildConfiguration;
			buildSettings = {
				BUNDLE_LOADER = "$(BUILT_PRODUCTS_DIR)/TipCalculator.app/TipCalculator";
				FRAMEWORK_SEARCH_PATHS = (
					"$(SDKROOT)/Developer/Library/Frameworks",
					"$(inherited)",
				);
				GCC_PREPROCESSOR_DEFINITIONS = (
					"DEBUG=1",
					"$(inherited)",
				);
				INFOPLIST_FILE = TipCalculatorTests/Info.plist;
				LD_RUNPATH_SEARCH_PATHS = "$(inherited) @executable_path/Frameworks @loader_path/Frameworks";
				PRODUCT_NAME = "$(TARGET_NAME)";
				TEST_HOST = "$(BUNDLE_LOADER)";
			};
			name = Debug;
		};
		3F99C2CB19C2C86A004EFDCE /* Release */ = {
			isa = XCBuildConfiguration;
			buildSettings = {
				BUNDLE_LOADER = "$(BUILT_PRODUCTS_DIR)/TipCalculator.app/TipCalculator";
				FRAMEWORK_SEARCH_PATHS = (
					"$(SDKROOT)/Developer/Library/Frameworks",
					"$(inherited)",
				);
				INFOPLIST_FILE = TipCalculatorTests/Info.plist;
				LD_RUNPATH_SEARCH_PATHS = "$(inherited) @executable_path/Frameworks @loader_path/Frameworks";
				PRODUCT_NAME = "$(TARGET_NAME)";
				TEST_HOST = "$(BUNDLE_LOADER)";
			};
			name = Release;
		};
/* End XCBuildConfiguration section */

/* Begin XCConfigurationList section */
		3F99C2A519C2C86A004EFDCE /* Build configuration list for PBXProject "TipCalculator" */ = {
			isa = XCConfigurationList;
			buildConfigurations = (
				3F99C2C419C2C86A004EFDCE /* Debug */,
				3F99C2C519C2C86A004EFDCE /* Release */,
			);
			defaultConfigurationIsVisible = 0;
			defaultConfigurationName = Release;
		};
		3F99C2C619C2C86A004EFDCE /* Build configuration list for PBXNativeTarget "TipCalculator" */ = {
			isa = XCConfigurationList;
			buildConfigurations = (
				3F99C2C719C2C86A004EFDCE /* Debug */,
				3F99C2C819C2C86A004EFDCE /* Release */,
			);
			defaultConfigurationIsVisible = 0;
			defaultConfigurationName = Release;
		};
		3F99C2C919C2C86A004EFDCE /* Build configuration list for PBXNativeTarget "TipCalculatorTests" */ = {
			isa = XCConfigurationList;
			buildConfigurations = (
				3F99C2CA19C2C86A004EFDCE /* Debug */,
				3F99C2CB19C2C86A004EFDCE /* Release */,
			);
			defaultConfigurationIsVisible = 0;
			defaultConfigurationName = Release;
		};
/* End XCConfigurationList section */
	};
	rootObject = 3F99C2A219C2C86A004EFDCE /* Project object */;
}
